
Microsoft Visual Studio Solution File, Format Version 12.00
# Visual Studio Version 16
VisualStudioVersion = 16.0.29215.179
MinimumVisualStudioVersion = 10.0.40219.1
Project("{FAE04EC0-301F-11D3-BF4B-00C04F79EFBC}") = "Power Meter", "Power Meter\Power Meter.csproj", "{99A4F140-1DD5-4DEE-A9B6-4CAC1AB91A65}"
EndProject
Project("{FAE04EC0-301F-11D3-BF4B-00C04F79EFBC}") = "CustomerData", "CustomerData\CustomerData.csproj", "{0DE07380-B461-459D-837E-13F74F68B41E}"
EndProject
Global
	GlobalSection(SolutionConfigurationPlatforms) = preSolution
		Debug|Any CPU = Debug|Any CPU
		Release|Any CPU = Release|Any CPU
	EndGlobalSection
	GlobalSection(ProjectConfigurationPlatforms) = postSolution
		{99A4F140-1DD5-4DEE-A9B6-4CAC1AB91A65}.Debug|Any CPU.ActiveCfg = Debug|Any CPU
		{99A4F140-1DD5-4DEE-A9B6-4CAC1AB91A65}.Debug|Any CPU.Build.0 = Debug|Any CPU
		{99A4F140-1DD5-4DEE-A9B6-4CAC1AB91A65}.Release|Any CPU.ActiveCfg = Release|Any CPU
		{99A4F140-1DD5-4DEE-A9B6-4CAC1AB91A65}.Release|Any CPU.Build.0 = Release|Any CPU
		{0DE07380-B461-459D-837E-13F74F68B41E}.Debug|Any CPU.ActiveCfg = Debug|Any CPU
		{0DE07380-B461-459D-837E-13F74F68B41E}.Debug|Any CPU.Build.0 = Debug|Any CPU
		{0DE07380-B461-459D-837E-13F74F68B41E}.Release|Any CPU.ActiveCfg = Release|Any CPU
		{0DE07380-B461-459D-837E-13F74F68B41E}.Release|Any CPU.Build.0 = Release|Any CPU
	EndGlobalSection
	GlobalSection(SolutionProperties) = preSolution
		HideSolutionNode = FALSE
	EndGlobalSection
	GlobalSection(ExtensibilityGlobals) = postSolution
		SolutionGuid = {4B03C5DE-5B51-49A9-B376-4C97372A7ED7}
	EndGlobalSection
EndGlobal
